// !$*UTF8*$!
{
	archiveVersion = 1;
	classes = {
	};
	objectVersion = 55;
	objects = {

/* Begin PBXBuildFile section */
		0ACB4C0A28AFE83700C49E40 /* AppDelegate.swift in Sources */ = {isa = PBXBuildFile; fileRef = 0ACB4C0928AFE83700C49E40 /* AppDelegate.swift */; };
		0ACB4C0C28AFE83700C49E40 /* SceneDelegate.swift in Sources */ = {isa = PBXBuildFile; fileRef = 0ACB4C0B28AFE83700C49E40 /* SceneDelegate.swift */; };
		0ACB4C0E28AFE83700C49E40 /* ViewController.swift in Sources */ = {isa = PBXBuildFile; fileRef = 0ACB4C0D28AFE83700C49E40 /* ViewController.swift */; };
		0ACB4C1128AFE83700C49E40 /* Main.storyboard in Resources */ = {isa = PBXBuildFile; fileRef = 0ACB4C0F28AFE83700C49E40 /* Main.storyboard */; };
		0ACB4C1328AFE83B00C49E40 /* Assets.xcassets in Resources */ = {isa = PBXBuildFile; fileRef = 0ACB4C1228AFE83B00C49E40 /* Assets.xcassets */; };
		0ACB4C1628AFE83B00C49E40 /* LaunchScreen.storyboard in Resources */ = {isa = PBXBuildFile; fileRef = 0ACB4C1428AFE83B00C49E40 /* LaunchScreen.storyboard */; };
		0ACB4C2128AFE83B00C49E40 /* PreworkTests.swift in Sources */ = {isa = PBXBuildFile; fileRef = 0ACB4C2028AFE83B00C49E40 /* PreworkTests.swift */; };
		0ACB4C2B28AFE83C00C49E40 /* PreworkUITests.swift in Sources */ = {isa = PBXBuildFile; fileRef = 0ACB4C2A28AFE83C00C49E40 /* PreworkUITests.swift */; };
		0ACB4C2D28AFE83C00C49E40 /* PreworkUITestsLaunchTests.swift in Sources */ = {isa = PBXBuildFile; fileRef = 0ACB4C2C28AFE83C00C49E40 /* PreworkUITestsLaunchTests.swift */; };
/* End PBXBuildFile section */

/* Begin PBXContainerItemProxy section */
		0ACB4C1D28AFE83B00C49E40 /* PBXContainerItemProxy */ = {
			isa = PBXContainerItemProxy;
			containerPortal = 0ACB4BFE28AFE83600C49E40 /* Project object */;
			proxyType = 1;
			remoteGlobalIDString = 0ACB4C0528AFE83700C49E40;
			remoteInfo = Prework;
		};
		0ACB4C2728AFE83C00C49E40 /* PBXContainerItemProxy */ = {
			isa = PBXContainerItemProxy;
			containerPortal = 0ACB4BFE28AFE83600C49E40 /* Project object */;
			proxyType = 1;
			remoteGlobalIDString = 0ACB4C0528AFE83700C49E40;
			remoteInfo = Prework;
		};
/* End PBXContainerItemProxy section */

/* Begin PBXFileReference section */
		0ACB4C0628AFE83700C49E40 /* Prework.app */ = {isa = PBXFileReference; explicitFileType = wrapper.application; includeInIndex = 0; path = Prework.app; sourceTree = BUILT_PRODUCTS_DIR; };
		0ACB4C0928AFE83700C49E40 /* AppDelegate.swift */ = {isa = PBXFileReference; lastKnownFileType = sourcecode.swift; path = AppDelegate.swift; sourceTree = "<group>"; };
		0ACB4C0B28AFE83700C49E40 /* SceneDelegate.swift */ = {isa = PBXFileReference; lastKnownFileType = sourcecode.swift; path = SceneDelegate.swift; sourceTree = "<group>"; };
		0ACB4C0D28AFE83700C49E40 /* ViewController.swift */ = {isa = PBXFileReference; lastKnownFileType = sourcecode.swift; path = ViewController.swift; sourceTree = "<group>"; };
		0ACB4C1028AFE83700C49E40 /* Base */ = {isa = PBXFileReference; lastKnownFileType = file.storyboard; name = Base; path = Base.lproj/Main.storyboard; sourceTree = "<group>"; };
		0ACB4C1228AFE83B00C49E40 /* Assets.xcassets */ = {isa = PBXFileReference; lastKnownFileType = folder.assetcatalog; path = Assets.xcassets; sourceTree = "<group>"; };
		0ACB4C1528AFE83B00C49E40 /* Base */ = {isa = PBXFileReference; lastKnownFileType = file.storyboard; name = Base; path = Base.lproj/LaunchScreen.storyboard; sourceTree = "<group>"; };
		0ACB4C1728AFE83B00C49E40 /* Info.plist */ = {isa = PBXFileReference; lastKnownFileType = text.plist.xml; path = Info.plist; sourceTree = "<group>"; };
		0ACB4C1C28AFE83B00C49E40 /* PreworkTests.xctest */ = {isa = PBXFileReference; explicitFileType = wrapper.cfbundle; includeInIndex = 0; path = PreworkTests.xctest; sourceTree = BUILT_PRODUCTS_DIR; };
		0ACB4C2028AFE83B00C49E40 /* PreworkTests.swift */ = {isa = PBXFileReference; lastKnownFileType = sourcecode.swift; path = PreworkTests.swift; sourceTree = "<group>"; };
		0ACB4C2628AFE83C00C49E40 /* PreworkUITests.xctest */ = {isa = PBXFileReference; explicitFileType = wrapper.cfbundle; includeInIndex = 0; path = PreworkUITests.xctest; sourceTree = BUILT_PRODUCTS_DIR; };
		0ACB4C2A28AFE83C00C49E40 /* PreworkUITests.swift */ = {isa = PBXFileReference; lastKnownFileType = sourcecode.swift; path = PreworkUITests.swift; sourceTree = "<group>"; };
		0ACB4C2C28AFE83C00C49E40 /* PreworkUITestsLaunchTests.swift */ = {isa = PBXFileReference; lastKnownFileType = sourcecode.swift; path = PreworkUITestsLaunchTests.swift; sourceTree = "<group>"; };
/* End PBXFileReference section */

/* Begin PBXFrameworksBuildPhase section */
		0ACB4C0328AFE83700C49E40 /* Frameworks */ = {
			isa = PBXFrameworksBuildPhase;
			buildActionMask = 2147483647;
			files = (
			);
			runOnlyForDeploymentPostprocessing = 0;
		};
		0ACB4C1928AFE83B00C49E40 /* Frameworks */ = {
			isa = PBXFrameworksBuildPhase;
			buildActionMask = 2147483647;
			files = (
			);
			runOnlyForDeploymentPostprocessing = 0;
		};
		0ACB4C2328AFE83C00C49E40 /* Frameworks */ = {
			isa = PBXFrameworksBuildPhase;
			buildActionMask = 2147483647;
			files = (
			);
			runOnlyForDeploymentPostprocessing = 0;
		};
/* End PBXFrameworksBuildPhase section */

/* Begin PBXGroup section */
		0ACB4BFD28AFE83600C49E40 = {
			isa = PBXGroup;
			children = (
				0ACB4C0828AFE83700C49E40 /* Prework */,
				0ACB4C1F28AFE83B00C49E40 /* PreworkTests */,
				0ACB4C2928AFE83C00C49E40 /* PreworkUITests */,
				0ACB4C0728AFE83700C49E40 /* Products */,
			);
			sourceTree = "<group>";
		};
		0ACB4C0728AFE83700C49E40 /* Products */ = {
			isa = PBXGroup;
			children = (
				0ACB4C0628AFE83700C49E40 /* Prework.app */,
				0ACB4C1C28AFE83B00C49E40 /* PreworkTests.xctest */,
				0ACB4C2628AFE83C00C49E40 /* PreworkUITests.xctest */,
			);
			name = Products;
			sourceTree = "<group>";
		};
		0ACB4C0828AFE83700C49E40 /* Prework */ = {
			isa = PBXGroup;
			children = (
				0ACB4C0928AFE83700C49E40 /* AppDelegate.swift */,
				0ACB4C0B28AFE83700C49E40 /* SceneDelegate.swift */,
				0ACB4C0D28AFE83700C49E40 /* ViewController.swift */,
				0ACB4C0F28AFE83700C49E40 /* Main.storyboard */,
				0ACB4C1228AFE83B00C49E40 /* Assets.xcassets */,
				0ACB4C1428AFE83B00C49E40 /* LaunchScreen.storyboard */,
				0ACB4C1728AFE83B00C49E40 /* Info.plist */,
			);
			path = Prework;
			sourceTree = "<group>";
		};
		0ACB4C1F28AFE83B00C49E40 /* PreworkTests */ = {
			isa = PBXGroup;
			children = (
				0ACB4C2028AFE83B00C49E40 /* PreworkTests.swift */,
			);
			path = PreworkTests;
			sourceTree = "<group>";
		};
		0ACB4C2928AFE83C00C49E40 /* PreworkUITests */ = {
			isa = PBXGroup;
			children = (
				0ACB4C2A28AFE83C00C49E40 /* PreworkUITests.swift */,
				0ACB4C2C28AFE83C00C49E40 /* PreworkUITestsLaunchTests.swift */,
			);
			path = PreworkUITests;
			sourceTree = "<group>";
		};
/* End PBXGroup section */

/* Begin PBXNativeTarget section */
		0ACB4C0528AFE83700C49E40 /* Prework */ = {
			isa = PBXNativeTarget;
			buildConfigurationList = 0ACB4C3028AFE83C00C49E40 /* Build configuration list for PBXNativeTarget "Prework" */;
			buildPhases = (
				0ACB4C0228AFE83700C49E40 /* Sources */,
				0ACB4C0328AFE83700C49E40 /* Frameworks */,
				0ACB4C0428AFE83700C49E40 /* Resources */,
			);
			buildRules = (
			);
			dependencies = (
			);
			name = Prework;
			productName = Prework;
			productReference = 0ACB4C0628AFE83700C49E40 /* Prework.app */;
			productType = "com.apple.product-type.application";
		};
		0ACB4C1B28AFE83B00C49E40 /* PreworkTests */ = {
			isa = PBXNativeTarget;
			buildConfigurationList = 0ACB4C3328AFE83C00C49E40 /* Build configuration list for PBXNativeTarget "PreworkTests" */;
			buildPhases = (
				0ACB4C1828AFE83B00C49E40 /* Sources */,
				0ACB4C1928AFE83B00C49E40 /* Frameworks */,
				0ACB4C1A28AFE83B00C49E40 /* Resources */,
			);
			buildRules = (
			);
			dependencies = (
				0ACB4C1E28AFE83B00C49E40 /* PBXTargetDependency */,
			);
			name = PreworkTests;
			productName = PreworkTests;
			productReference = 0ACB4C1C28AFE83B00C49E40 /* PreworkTests.xctest */;
			productType = "com.apple.product-type.bundle.unit-test";
		};
		0ACB4C2528AFE83C00C49E40 /* PreworkUITests */ = {
			isa = PBXNativeTarget;
			buildConfigurationList = 0ACB4C3628AFE83C00C49E40 /* Build configuration list for PBXNativeTarget "PreworkUITests" */;
			buildPhases = (
				0ACB4C2228AFE83C00C49E40 /* Sources */,
				0ACB4C2328AFE83C00C49E40 /* Frameworks */,
				0ACB4C2428AFE83C00C49E40 /* Resources */,
			);
			buildRules = (
			);
			dependencies = (
				0ACB4C2828AFE83C00C49E40 /* PBXTargetDependency */,
			);
			name = PreworkUITests;
			productName = PreworkUITests;
			productReference = 0ACB4C2628AFE83C00C49E40 /* PreworkUITests.xctest */;
			productType = "com.apple.product-type.bundle.ui-testing";
		};
/* End PBXNativeTarget section */

/* Begin PBXProject section */
		0ACB4BFE28AFE83600C49E40 /* Project object */ = {
			isa = PBXProject;
			attributes = {
				BuildIndependentTargetsInParallel = 1;
				LastSwiftUpdateCheck = 1340;
				LastUpgradeCheck = 1340;
				TargetAttributes = {
					0ACB4C0528AFE83700C49E40 = {
						CreatedOnToolsVersion = 13.4.1;
					};
					0ACB4C1B28AFE83B00C49E40 = {
						CreatedOnToolsVersion = 13.4.1;
						TestTargetID = 0ACB4C0528AFE83700C49E40;
					};
					0ACB4C2528AFE83C00C49E40 = {
						CreatedOnToolsVersion = 13.4.1;
						TestTargetID = 0ACB4C0528AFE83700C49E40;
					};
				};
			};
			buildConfigurationList = 0ACB4C0128AFE83600C49E40 /* Build configuration list for PBXProject "Prework" */;
			compatibilityVersion = "Xcode 13.0";
			developmentRegion = en;
			hasScannedForEncodings = 0;
			knownRegions = (
				en,
				Base,
			);
			mainGroup = 0ACB4BFD28AFE83600C49E40;
			productRefGroup = 0ACB4C0728AFE83700C49E40 /* Products */;
			projectDirPath = "";
			projectRoot = "";
			targets = (
				0ACB4C0528AFE83700C49E40 /* Prework */,
				0ACB4C1B28AFE83B00C49E40 /* PreworkTests */,
				0ACB4C2528AFE83C00C49E40 /* PreworkUITests */,
			);
		};
/* End PBXProject section */

/* Begin PBXResourcesBuildPhase section */
		0ACB4C0428AFE83700C49E40 /* Resources */ = {
			isa = PBXResourcesBuildPhase;
			buildActionMask = 2147483647;
			files = (
				0ACB4C1628AFE83B00C49E40 /* LaunchScreen.storyboard in Resources */,
				0ACB4C1328AFE83B00C49E40 /* Assets.xcassets in Resources */,
				0ACB4C1128AFE83700C49E40 /* Main.storyboard in Resources */,
			);
			runOnlyForDeploymentPostprocessing = 0;
		};
		0ACB4C1A28AFE83B00C49E40 /* Resources */ = {
			isa = PBXResourcesBuildPhase;
			buildActionMask = 2147483647;
			files = (
			);
			runOnlyForDeploymentPostprocessing = 0;
		};
		0ACB4C2428AFE83C00C49E40 /* Resources */ = {
			isa = PBXResourcesBuildPhase;
			buildActionMask = 2147483647;
			files = (
			);
			runOnlyForDeploymentPostprocessing = 0;
		};
/* End PBXResourcesBuildPhase section */

/* Begin PBXSourcesBuildPhase section */
		0ACB4C0228AFE83700C49E40 /* Sources */ = {
			isa = PBXSourcesBuildPhase;
			buildActionMask = 2147483647;
			files = (
				0ACB4C0E28AFE83700C49E40 /* ViewController.swift in Sources */,
				0ACB4C0A28AFE83700C49E40 /* AppDelegate.swift in Sources */,
				0ACB4C0C28AFE83700C49E40 /* SceneDelegate.swift in Sources */,
			);
			runOnlyForDeploymentPostprocessing = 0;
		};
		0ACB4C1828AFE83B00C49E40 /* Sources */ = {
			isa = PBXSourcesBuildPhase;
			buildActionMask = 2147483647;
			files = (
				0ACB4C2128AFE83B00C49E40 /* PreworkTests.swift in Sources */,
			);
			runOnlyForDeploymentPostprocessing = 0;
		};
		0ACB4C2228AFE83C00C49E40 /* Sources */ = {
			isa = PBXSourcesBuildPhase;
			buildActionMask = 2147483647;
			files = (
				0ACB4C2B28AFE83C00C49E40 /* PreworkUITests.swift in Sources */,
				0ACB4C2D28AFE83C00C49E40 /* PreworkUITestsLaunchTests.swift in Sources */,
			);
			runOnlyForDeploymentPostprocessing = 0;
		};
/* End PBXSourcesBuildPhase section */

/* Begin PBXTargetDependency section */
		0ACB4C1E28AFE83B00C49E40 /* PBXTargetDependency */ = {
			isa = PBXTargetDependency;
			target = 0ACB4C0528AFE83700C49E40 /* Prework */;
			targetProxy = 0ACB4C1D28AFE83B00C49E40 /* PBXContainerItemProxy */;
		};
		0ACB4C2828AFE83C00C49E40 /* PBXTargetDependency */ = {
			isa = PBXTargetDependency;
			target = 0ACB4C0528AFE83700C49E40 /* Prework */;
			targetProxy = 0ACB4C2728AFE83C00C49E40 /* PBXContainerItemProxy */;
		};
/* End PBXTargetDependency section */

/* Begin PBXVariantGroup section */
		0ACB4C0F28AFE83700C49E40 /* Main.storyboard */ = {
			isa = PBXVariantGroup;
			children = (
				0ACB4C1028AFE83700C49E40 /* Base */,
			);
			name = Main.storyboard;
			sourceTree = "<group>";
		};
		0ACB4C1428AFE83B00C49E40 /* LaunchScreen.storyboard */ = {
			isa = PBXVariantGroup;
			children = (
				0ACB4C1528AFE83B00C49E40 /* Base */,
			);
			name = LaunchScreen.storyboard;
			sourceTree = "<group>";
		};
/* End PBXVariantGroup section */

/* Begin XCBuildConfiguration section */
		0ACB4C2E28AFE83C00C49E40 /* Debug */ = {
			isa = XCBuildConfiguration;
			buildSettings = {
				ALWAYS_SEARCH_USER_PATHS = NO;
				CLANG_ANALYZER_NONNULL = YES;
				CLANG_ANALYZER_NUMBER_OBJECT_CONVERSION = YES_AGGRESSIVE;
				CLANG_CXX_LANGUAGE_STANDARD = "gnu++17";
				CLANG_ENABLE_MODULES = YES;
				CLANG_ENABLE_OBJC_ARC = YES;
				CLANG_ENABLE_OBJC_WEAK = YES;
				CLANG_WARN_BLOCK_CAPTURE_AUTORELEASING = YES;
				CLANG_WARN_BOOL_CONVERSION = YES;
				CLANG_WARN_COMMA = YES;
				CLANG_WARN_CONSTANT_CONVERSION = YES;
				CLANG_WARN_DEPRECATED_OBJC_IMPLEMENTATIONS = YES;
				CLANG_WARN_DIRECT_OBJC_ISA_USAGE = YES_ERROR;
				CLANG_WARN_DOCUMENTATION_COMMENTS = YES;
				CLANG_WARN_EMPTY_BODY = YES;
				CLANG_WARN_ENUM_CONVERSION = YES;
				CLANG_WARN_INFINITE_RECURSION = YES;
				CLANG_WARN_INT_CONVERSION = YES;
				CLANG_WARN_NON_LITERAL_NULL_CONVERSION = YES;
				CLANG_WARN_OBJC_IMPLICIT_RETAIN_SELF = YES;
				CLANG_WARN_OBJC_LITERAL_CONVERSION = YES;
				CLANG_WARN_OBJC_ROOT_CLASS = YES_ERROR;
				CLANG_WARN_QUOTED_INCLUDE_IN_FRAMEWORK_HEADER = YES;
				CLANG_WARN_RANGE_LOOP_ANALYSIS = YES;
				CLANG_WARN_STRICT_PROTOTYPES = YES;
				CLANG_WARN_SUSPICIOUS_MOVE = YES;
				CLANG_WARN_UNGUARDED_AVAILABILITY = YES_AGGRESSIVE;
				CLANG_WARN_UNREACHABLE_CODE = YES;
				CLANG_WARN__DUPLICATE_METHOD_MATCH = YES;
				COPY_PHASE_STRIP = NO;
				DEBUG_INFORMATION_FORMAT = dwarf;
				ENABLE_STRICT_OBJC_MSGSEND = YES;
				ENABLE_TESTABILITY = YES;
				GCC_C_LANGUAGE_STANDARD = gnu11;
				GCC_DYNAMIC_NO_PIC = NO;
				GCC_NO_COMMON_BLOCKS = YES;
				GCC_OPTIMIZATION_LEVEL = 0;
				GCC_PREPROCESSOR_DEFINITIONS = (
					"DEBUG=1",
					"$(inherited)",
				);
				GCC_WARN_64_TO_32_BIT_CONVERSION = YES;
				GCC_WARN_ABOUT_RETURN_TYPE = YES_ERROR;
				GCC_WARN_UNDECLARED_SELECTOR = YES;
				GCC_WARN_UNINITIALIZED_AUTOS = YES_AGGRESSIVE;
				GCC_WARN_UNUSED_FUNCTION = YES;
				GCC_WARN_UNUSED_VARIABLE = YES;
				IPHONEOS_DEPLOYMENT_TARGET = 15.5;
				MTL_ENABLE_DEBUG_INFO = INCLUDE_SOURCE;
				MTL_FAST_MATH = YES;
				ONLY_ACTIVE_ARCH = YES;
				SDKROOT = iphoneos;
				SWIFT_ACTIVE_COMPILATION_CONDITIONS = DEBUG;
				SWIFT_OPTIMIZATION_LEVEL = "-Onone";
			};
			name = Debug;
		};
		0ACB4C2F28AFE83C00C49E40 /* Release */ = {
			isa = XCBuildConfiguration;
			buildSettings = {
				ALWAYS_SEARCH_USER_PATHS = NO;
				CLANG_ANALYZER_NONNULL = YES;
				CLANG_ANALYZER_NUMBER_OBJECT_CONVERSION = YES_AGGRESSIVE;
				CLANG_CXX_LANGUAGE_STANDARD = "gnu++17";
				CLANG_ENABLE_MODULES = YES;
				CLANG_ENABLE_OBJC_ARC = YES;
				CLANG_ENABLE_OBJC_WEAK = YES;
				CLANG_WARN_BLOCK_CAPTURE_AUTORELEASING = YES;
				CLANG_WARN_BOOL_CONVERSION = YES;
				CLANG_WARN_COMMA = YES;
				CLANG_WARN_CONSTANT_CONVERSION = YES;
				CLANG_WARN_DEPRECATED_OBJC_IMPLEMENTATIONS = YES;
				CLANG_WARN_DIRECT_OBJC_ISA_USAGE = YES_ERROR;
				CLANG_WARN_DOCUMENTATION_COMMENTS = YES;
				CLANG_WARN_EMPTY_BODY = YES;
				CLANG_WARN_ENUM_CONVERSION = YES;
				CLANG_WARN_INFINITE_RECURSION = YES;
				CLANG_WARN_INT_CONVERSION = YES;
				CLANG_WARN_NON_LITERAL_NULL_CONVERSION = YES;
				CLANG_WARN_OBJC_IMPLICIT_RETAIN_SELF = YES;
				CLANG_WARN_OBJC_LITERAL_CONVERSION = YES;
				CLANG_WARN_OBJC_ROOT_CLASS = YES_ERROR;
				CLANG_WARN_QUOTED_INCLUDE_IN_FRAMEWORK_HEADER = YES;
				CLANG_WARN_RANGE_LOOP_ANALYSIS = YES;
				CLANG_WARN_STRICT_PROTOTYPES = YES;
				CLANG_WARN_SUSPICIOUS_MOVE = YES;
				CLANG_WARN_UNGUARDED_AVAILABILITY = YES_AGGRESSIVE;
				CLANG_WARN_UNREACHABLE_CODE = YES;
				CLANG_WARN__DUPLICATE_METHOD_MATCH = YES;
				COPY_PHASE_STRIP = NO;
				DEBUG_INFORMATION_FORMAT = "dwarf-with-dsym";
				ENABLE_NS_ASSERTIONS = NO;
				ENABLE_STRICT_OBJC_MSGSEND = YES;
				GCC_C_LANGUAGE_STANDARD = gnu11;
				GCC_NO_COMMON_BLOCKS = YES;
				GCC_WARN_64_TO_32_BIT_CONVERSION = YES;
				GCC_WARN_ABOUT_RETURN_TYPE = YES_ERROR;
				GCC_WARN_UNDECLARED_SELECTOR = YES;
				GCC_WARN_UNINITIALIZED_AUTOS = YES_AGGRESSIVE;
				GCC_WARN_UNUSED_FUNCTION = YES;
				GCC_WARN_UNUSED_VARIABLE = YES;
				IPHONEOS_DEPLOYMENT_TARGET = 15.5;
				MTL_ENABLE_DEBUG_INFO = NO;
				MTL_FAST_MATH = YES;
				SDKROOT = iphoneos;
				SWIFT_COMPILATION_MODE = wholemodule;
				SWIFT_OPTIMIZATION_LEVEL = "-O";
				VALIDATE_PRODUCT = YES;
			};
			name = Release;
		};
		0ACB4C3128AFE83C00C49E40 /* Debug */ = {
			isa = XCBuildConfiguration;
			buildSettings = {
				ASSETCATALOG_COMPILER_APPICON_NAME = AppIcon;
				ASSETCATALOG_COMPILER_GLOBAL_ACCENT_COLOR_NAME = AccentColor;
				CODE_SIGN_STYLE = Automatic;
				CURRENT_PROJECT_VERSION = 1;
				GENERATE_INFOPLIST_FILE = YES;
				INFOPLIST_FILE = Prework/Info.plist;
				INFOPLIST_KEY_UIApplicationSupportsIndirectInputEvents = YES;
				INFOPLIST_KEY_UILaunchStoryboardName = LaunchScreen;
				INFOPLIST_KEY_UIMainStoryboardFile = Main;
				INFOPLIST_KEY_UISupportedInterfaceOrientations_iPad = "UIInterfaceOrientationPortrait UIInterfaceOrientationPortraitUpsideDown UIInterfaceOrientationLandscapeLeft UIInterfaceOrientationLandscapeRight";
				INFOPLIST_KEY_UISupportedInterfaceOrientations_iPhone = "UIInterfaceOrientationPortrait UIInterfaceOrientationLandscapeLeft UIInterfaceOrientationLandscapeRight";
				LD_RUNPATH_SEARCH_PATHS = (
					"$(inherited)",
					"@executable_path/Frameworks",
				);
				MARKETING_VERSION = 1.0;
				PRODUCT_BUNDLE_IDENTIFIER = MauricioGonzalez.Prework;
				PRODUCT_NAME = "$(TARGET_NAME)";
				SWIFT_EMIT_LOC_STRINGS = YES;
				SWIFT_VERSION = 5.0;
				TARGETED_DEVICE_FAMILY = "1,2";
			};
			name = Debug;
		};
		0ACB4C3228AFE83C00C49E40 /* Release */ = {
			isa = XCBuildConfiguration;
			buildSettings = {
				ASSETCATALOG_COMPILER_APPICON_NAME = AppIcon;
				ASSETCATALOG_COMPILER_GLOBAL_ACCENT_COLOR_NAME = AccentColor;
				CODE_SIGN_STYLE = Automatic;
				CURRENT_PROJECT_VERSION = 1;
				GENERATE_INFOPLIST_FILE = YES;
				INFOPLIST_FILE = Prework/Info.plist;
				INFOPLIST_KEY_UIApplicationSupportsIndirectInputEvents = YES;
				INFOPLIST_KEY_UILaunchStoryboardName = LaunchScreen;
				INFOPLIST_KEY_UIMainStoryboardFile = Main;
				INFOPLIST_KEY_UISupportedInterfaceOrientations_iPad = "UIInterfaceOrientationPortrait UIInterfaceOrientationPortraitUpsideDown UIInterfaceOrientationLandscapeLeft UIInterfaceOrientationLandscapeRight";
				INFOPLIST_KEY_UISupportedInterfaceOrientations_iPhone = "UIInterfaceOrientationPortrait UIInterfaceOrientationLandscapeLeft UIInterfaceOrientationLandscapeRight";
				LD_RUNPATH_SEARCH_PATHS = (
					"$(inherited)",
					"@executable_path/Frameworks",
				);
				MARKETING_VERSION = 1.0;
				PRODUCT_BUNDLE_IDENTIFIER = MauricioGonzalez.Prework;
				PRODUCT_NAME = "$(TARGET_NAME)";
				SWIFT_EMIT_LOC_STRINGS = YES;
				SWIFT_VERSION = 5.0;
				TARGETED_DEVICE_FAMILY = "1,2";
			};
			name = Release;
		};
		0ACB4C3428AFE83C00C49E40 /* Debug */ = {
			isa = XCBuildConfiguration;
			buildSettings = {
				ALWAYS_EMBED_SWIFT_STANDARD_LIBRARIES = YES;
				BUNDLE_LOADER = "$(TEST_HOST)";
				CODE_SIGN_STYLE = Automatic;
				CURRENT_PROJECT_VERSION = 1;
				GENERATE_INFOPLIST_FILE = YES;
				IPHONEOS_DEPLOYMENT_TARGET = 15.5;
				MARKETING_VERSION = 1.0;
				PRODUCT_BUNDLE_IDENTIFIER = MauricioGonzalez.PreworkTests;
				PRODUCT_NAME = "$(TARGET_NAME)";
				SWIFT_EMIT_LOC_STRINGS = NO;
				SWIFT_VERSION = 5.0;
				TARGETED_DEVICE_FAMILY = "1,2";
				TEST_HOST = "$(BUILT_PRODUCTS_DIR)/Prework.app/Prework";
			};
			name = Debug;
		};
		0ACB4C3528AFE83C00C49E40 /* Release */ = {
			isa = XCBuildConfiguration;
			buildSettings = {
				ALWAYS_EMBED_SWIFT_STANDARD_LIBRARIES = YES;
				BUNDLE_LOADER = "$(TEST_HOST)";
				CODE_SIGN_STYLE = Automatic;
				CURRENT_PROJECT_VERSION = 1;
				GENERATE_INFOPLIST_FILE = YES;
				IPHONEOS_DEPLOYMENT_TARGET = 15.5;
				MARKETING_VERSION = 1.0;
				PRODUCT_BUNDLE_IDENTIFIER = MauricioGonzalez.PreworkTests;
				PRODUCT_NAME = "$(TARGET_NAME)";
				SWIFT_EMIT_LOC_STRINGS = NO;
				SWIFT_VERSION = 5.0;
				TARGETED_DEVICE_FAMILY = "1,2";
				TEST_HOST = "$(BUILT_PRODUCTS_DIR)/Prework.app/Prework";
			};
			name = Release;
		};
		0ACB4C3728AFE83C00C49E40 /* Debug */ = {
			isa = XCBuildConfiguration;
			buildSettings = {
				ALWAYS_EMBED_SWIFT_STANDARD_LIBRARIES = YES;
				CODE_SIGN_STYLE = Automatic;
				CURRENT_PROJECT_VERSION = 1;
				GENERATE_INFOPLIST_FILE = YES;
				MARKETING_VERSION = 1.0;
				PRODUCT_BUNDLE_IDENTIFIER = MauricioGonzalez.PreworkUITests;
				PRODUCT_NAME = "$(TARGET_NAME)";
				SWIFT_EMIT_LOC_STRINGS = NO;
				SWIFT_VERSION = 5.0;
				TARGETED_DEVICE_FAMILY = "1,2";
				TEST_TARGET_NAME = Prework;
			};
			name = Debug;
		};
		0ACB4C3828AFE83C00C49E40 /* Release */ = {
			isa = XCBuildConfiguration;
			buildSettings = {
				ALWAYS_EMBED_SWIFT_STANDARD_LIBRARIES = YES;
				CODE_SIGN_STYLE = Automatic;
				CURRENT_PROJECT_VERSION = 1;
				GENERATE_INFOPLIST_FILE = YES;
				MARKETING_VERSION = 1.0;
				PRODUCT_BUNDLE_IDENTIFIER = MauricioGonzalez.PreworkUITests;
				PRODUCT_NAME = "$(TARGET_NAME)";
				SWIFT_EMIT_LOC_STRINGS = NO;
				SWIFT_VERSION = 5.0;
				TARGETED_DEVICE_FAMILY = "1,2";
				TEST_TARGET_NAME = Prework;
			};
			name = Release;
		};
/* End XCBuildConfiguration section */

/* Begin XCConfigurationList section */
		0ACB4C0128AFE83600C49E40 /* Build configuration list for PBXProject "Prework" */ = {
			isa = XCConfigurationList;
			buildConfigurations = (
				0ACB4C2E28AFE83C00C49E40 /* Debug */,
				0ACB4C2F28AFE83C00C49E40 /* Release */,
			);
			defaultConfigurationIsVisible = 0;
			defaultConfigurationName = Release;
		};
		0ACB4C3028AFE83C00C49E40 /* Build configuration list for PBXNativeTarget "Prework" */ = {
			isa = XCConfigurationList;
			buildConfigurations = (
				0ACB4C3128AFE83C00C49E40 /* Debug */,
				0ACB4C3228AFE83C00C49E40 /* Release */,
			);
			defaultConfigurationIsVisible = 0;
			defaultConfigurationName = Release;
		};
		0ACB4C3328AFE83C00C49E40 /* Build configuration list for PBXNativeTarget "PreworkTests" */ = {
			isa = XCConfigurationList;
			buildConfigurations = (
				0ACB4C3428AFE83C00C49E40 /* Debug */,
				0ACB4C3528AFE83C00C49E40 /* Release */,
			);
			defaultConfigurationIsVisible = 0;
			defaultConfigurationName = Release;
		};
		0ACB4C3628AFE83C00C49E40 /* Build configuration list for PBXNativeTarget "PreworkUITests" */ = {
			isa = XCConfigurationList;
			buildConfigurations = (
				0ACB4C3728AFE83C00C49E40 /* Debug */,
				0ACB4C3828AFE83C00C49E40 /* Release */,
			);
			defaultConfigurationIsVisible = 0;
			defaultConfigurationName = Release;
		};
/* End XCConfigurationList section */
	};
	rootObject = 0ACB4BFE28AFE83600C49E40 /* Project object */;
}
